
# THIS IS AN AUTOGENERATED FILE. DO NOT EDIT THIS FILE DIRECTLY.
# yarn lockfile v1


"@babel/code-frame@^7.0.0":
  version "7.0.0"
  resolved "https://registry.yarnpkg.com/@babel/code-frame/-/code-frame-7.0.0.tgz#06e2ab19bdb535385559aabb5ba59729482800f8"
  integrity sha512-OfC2uemaknXr87bdLUkWog7nYuliM9Ij5HUcajsVcMCpQrcLmtxRbVFTIqmcSkSeYRBFBRxs2FiUqFJDLdiebA==
  dependencies:
    "@babel/highlight" "^7.0.0"

"@babel/generator@^7.2.2":
  version "7.3.3"
  resolved "https://registry.yarnpkg.com/@babel/generator/-/generator-7.3.3.tgz#185962ade59a52e00ca2bdfcfd1d58e528d4e39e"
  integrity sha512-aEADYwRRZjJyMnKN7llGIlircxTCofm3dtV5pmY6ob18MSIuipHpA2yZWkPlycwu5HJcx/pADS3zssd8eY7/6A==
  dependencies:
    "@babel/types" "^7.3.3"
    jsesc "^2.5.1"
    lodash "^4.17.11"
    source-map "^0.5.0"
    trim-right "^1.0.1"

"@babel/helper-function-name@^7.1.0":
  version "7.1.0"
  resolved "https://registry.yarnpkg.com/@babel/helper-function-name/-/helper-function-name-7.1.0.tgz#a0ceb01685f73355d4360c1247f582bfafc8ff53"
  integrity sha512-A95XEoCpb3TO+KZzJ4S/5uW5fNe26DjBGqf1o9ucyLyCmi1dXq/B3c8iaWTfBk3VvetUxl16e8tIrd5teOCfGw==
  dependencies:
    "@babel/helper-get-function-arity" "^7.0.0"